PODS:
  - carrier_info (0.0.1):
    - Flutter
  - Flutter (1.0.0)
  - flutter_icmp_ping (0.0.1):
    - Flutter
  - google_maps_flutter (0.0.1):
    - Flutter
    - GoogleMaps
  - GoogleMaps (4.1.0):
    - GoogleMaps/Maps (= 4.1.0)
  - GoogleMaps/Base (4.1.0)
  - GoogleMaps/Maps (4.1.0):
    - GoogleMaps/Base
  - network_info_plus (0.0.1):
    - Flutter
  - "permission_handler (5.1.0+2)":
    - Flutter
  - shared_preferences (0.0.1):
    - Flutter

DEPENDENCIES:
  - carrier_info (from `.symlinks/plugins/carrier_info/ios`)
  - Flutter (from `Flutter`)
  - flutter_icmp_ping (from `.symlinks/plugins/flutter_icmp_ping/ios`)
  - google_maps_flutter (from `.symlinks/plugins/google_maps_flutter/ios`)
  - network_info_plus (from `.symlinks/plugins/network_info_plus/ios`)
  - permission_handler (from `.symlinks/plugins/permission_handler/ios`)
  - shared_preferences (from `.symlinks/plugins/shared_preferences/ios`)

SPEC REPOS:
  trunk:
    - GoogleMaps

EXTERNAL SOURCES:
  carrier_info:
    :path: ".symlinks/plugins/carrier_info/ios"
  Flutter:
    :path: Flutter
  flutter_icmp_ping:
    :path: ".symlinks/plugins/flutter_icmp_ping/ios"
  google_maps_flutter:
    :path: ".symlinks/plugins/google_maps_flutter/ios"
  network_info_plus:
    :path: ".symlinks/plugins/network_info_plus/ios"
  permission_handler:
    :path: ".symlinks/plugins/permission_handler/ios"
  shared_preferences:
    :path: ".symlinks/plugins/shared_preferences/ios"

SPEC CHECKSUMS:
  carrier_info: 74da91657834617c4409e6afdb706ac4685efe66
  Flutter: 50d75fe2f02b26cc09d224853bb45737f8b3214a
  flutter_icmp_ping: 07e508847df7fa9262d050bb0b203de074bbe517
  google_maps_flutter: 279865bd07e2d8751f43a3bc64bac7f6075d0c93
  GoogleMaps: 008e2c80e38605b56b560e8deb73d4194ff30bef
  network_info_plus: b78876159360f5580608c2cea620d6ceffabd0ad
  permission_handler: ccb20a9fad0ee9b1314a52b70b76b473c5f8dab0
  shared_preferences: af6bfa751691cdc24be3045c43ec037377ada40d

PODFILE CHECKSUM: aafe91acc616949ddb318b77800a7f51bffa2a4c

COCOAPODS: 1.11.0
