PODS:
  - Adapty (2.9.6)
  - adapty_flutter (2.9.3):
    - Adapty (= 2.9.6)
    - Flutter
  - carrier_info (0.0.1):
    - Flutter
  - device_info_plus (0.0.1):
    - Flutter
  - Flutter (1.0.0)
  - flutter_icmp_ping (0.0.1):
    - Flutter
  - flutter_keyboard_visibility (0.0.1):
    - Flutter
  - Google-Mobile-Ads-SDK (10.11.0):
    - GoogleAppMeasurement (< 11.0, >= 7.0)
    - GoogleUserMessagingPlatform (>= 1.1)
  - google_maps_flutter_ios (0.0.1):
    - Flutter
    - GoogleMaps (< 9.0)
  - google_mobile_ads (1.0.0):
    - Flutter
    - Google-Mobile-Ads-SDK (~> 10.11.0)
    - webview_flutter_wkwebview
  - GoogleAppMeasurement (10.21.0):
    - GoogleAppMeasurement/AdIdSupport (= 10.21.0)
    - GoogleUtilities/AppDelegateSwizzler (~> 7.11)
    - GoogleUtilities/MethodSwizzler (~> 7.11)
    - GoogleUtilities/Network (~> 7.11)
    - "GoogleUtilities/NSData+zlib (~> 7.11)"
    - nanopb (< 2.30910.0, >= 2.30908.0)
  - GoogleAppMeasurement/AdIdSupport (10.21.0):
    - GoogleAppMeasurement/WithoutAdIdSupport (= 10.21.0)
    - GoogleUtilities/AppDelegateSwizzler (~> 7.11)
    - GoogleUtilities/MethodSwizzler (~> 7.11)
    - GoogleUtilities/Network (~> 7.11)
    - "GoogleUtilities/NSData+zlib (~> 7.11)"
    - nanopb (< 2.30910.0, >= 2.30908.0)
  - GoogleAppMeasurement/WithoutAdIdSupport (10.21.0):
    - GoogleUtilities/AppDelegateSwizzler (~> 7.11)
    - GoogleUtilities/MethodSwizzler (~> 7.11)
    - GoogleUtilities/Network (~> 7.11)
    - "GoogleUtilities/NSData+zlib (~> 7.11)"
    - nanopb (< 2.30910.0, >= 2.30908.0)
  - GoogleMaps (6.2.1):
    - GoogleMaps/Maps (= 6.2.1)
  - GoogleMaps/Base (6.2.1)
  - GoogleMaps/Maps (6.2.1):
    - GoogleMaps/Base
  - GoogleUserMessagingPlatform (2.2.0)
  - GoogleUtilities/AppDelegateSwizzler (7.13.0):
    - GoogleUtilities/Environment
    - GoogleUtilities/Logger
    - GoogleUtilities/Network
    - GoogleUtilities/Privacy
  - GoogleUtilities/Environment (7.13.0):
    - GoogleUtilities/Privacy
    - PromisesObjC (< 3.0, >= 1.2)
  - GoogleUtilities/Logger (7.13.0):
    - GoogleUtilities/Environment
    - GoogleUtilities/Privacy
  - GoogleUtilities/MethodSwizzler (7.13.0):
    - GoogleUtilities/Logger
    - GoogleUtilities/Privacy
  - GoogleUtilities/Network (7.13.0):
    - GoogleUtilities/Logger
    - "GoogleUtilities/NSData+zlib"
    - GoogleUtilities/Privacy
    - GoogleUtilities/Reachability
  - "GoogleUtilities/NSData+zlib (7.13.0)":
    - GoogleUtilities/Privacy
  - GoogleUtilities/Privacy (7.13.0)
  - GoogleUtilities/Reachability (7.13.0):
    - GoogleUtilities/Logger
    - GoogleUtilities/Privacy
  - in_app_review (0.2.0):
    - Flutter
  - nanopb (2.30909.1):
    - nanopb/decode (= 2.30909.1)
    - nanopb/encode (= 2.30909.1)
  - nanopb/decode (2.30909.1)
  - nanopb/encode (2.30909.1)
  - network_info_plus (0.0.1):
    - Flutter
  - package_info_plus (0.4.5):
    - Flutter
  - path_provider_foundation (0.0.1):
    - Flutter
    - FlutterMacOS
  - permission_handler_apple (9.3.0):
    - Flutter
  - PromisesObjC (2.4.0)
  - Sentry/HybridSDK (8.20.0):
    - SentryPrivate (= 8.20.0)
  - sentry_flutter (0.0.1):
    - Flutter
    - FlutterMacOS
    - Sentry/HybridSDK (= 8.20.0)
  - SentryPrivate (8.20.0)
  - shared_preferences_foundation (0.0.1):
    - Flutter
    - FlutterMacOS
  - url_launcher_ios (0.0.1):
    - Flutter
  - webview_flutter_wkwebview (0.0.1):
    - Flutter

DEPENDENCIES:
  - adapty_flutter (from `.symlinks/plugins/adapty_flutter/ios`)
  - carrier_info (from `.symlinks/plugins/carrier_info/ios`)
  - device_info_plus (from `.symlinks/plugins/device_info_plus/ios`)
  - Flutter (from `Flutter`)
  - flutter_icmp_ping (from `.symlinks/plugins/flutter_icmp_ping/ios`)
  - flutter_keyboard_visibility (from `.symlinks/plugins/flutter_keyboard_visibility/ios`)
  - google_maps_flutter_ios (from `.symlinks/plugins/google_maps_flutter_ios/ios`)
  - google_mobile_ads (from `.symlinks/plugins/google_mobile_ads/ios`)
  - in_app_review (from `.symlinks/plugins/in_app_review/ios`)
  - network_info_plus (from `.symlinks/plugins/network_info_plus/ios`)
  - package_info_plus (from `.symlinks/plugins/package_info_plus/ios`)
  - path_provider_foundation (from `.symlinks/plugins/path_provider_foundation/darwin`)
  - permission_handler_apple (from `.symlinks/plugins/permission_handler_apple/ios`)
  - sentry_flutter (from `.symlinks/plugins/sentry_flutter/ios`)
  - shared_preferences_foundation (from `.symlinks/plugins/shared_preferences_foundation/darwin`)
  - url_launcher_ios (from `.symlinks/plugins/url_launcher_ios/ios`)
  - webview_flutter_wkwebview (from `.symlinks/plugins/webview_flutter_wkwebview/ios`)

SPEC REPOS:
  trunk:
    - Adapty
    - Google-Mobile-Ads-SDK
    - GoogleAppMeasurement
    - GoogleMaps
    - GoogleUserMessagingPlatform
    - GoogleUtilities
    - nanopb
    - PromisesObjC
    - Sentry
    - SentryPrivate

EXTERNAL SOURCES:
  adapty_flutter:
    :path: ".symlinks/plugins/adapty_flutter/ios"
  carrier_info:
    :path: ".symlinks/plugins/carrier_info/ios"
  device_info_plus:
    :path: ".symlinks/plugins/device_info_plus/ios"
  Flutter:
    :path: Flutter
  flutter_icmp_ping:
    :path: ".symlinks/plugins/flutter_icmp_ping/ios"
  flutter_keyboard_visibility:
    :path: ".symlinks/plugins/flutter_keyboard_visibility/ios"
  google_maps_flutter_ios:
    :path: ".symlinks/plugins/google_maps_flutter_ios/ios"
  google_mobile_ads:
    :path: ".symlinks/plugins/google_mobile_ads/ios"
  in_app_review:
    :path: ".symlinks/plugins/in_app_review/ios"
  network_info_plus:
    :path: ".symlinks/plugins/network_info_plus/ios"
  package_info_plus:
    :path: ".symlinks/plugins/package_info_plus/ios"
  path_provider_foundation:
    :path: ".symlinks/plugins/path_provider_foundation/darwin"
  permission_handler_apple:
    :path: ".symlinks/plugins/permission_handler_apple/ios"
  sentry_flutter:
    :path: ".symlinks/plugins/sentry_flutter/ios"
  shared_preferences_foundation:
    :path: ".symlinks/plugins/shared_preferences_foundation/darwin"
  url_launcher_ios:
    :path: ".symlinks/plugins/url_launcher_ios/ios"
  webview_flutter_wkwebview:
    :path: ".symlinks/plugins/webview_flutter_wkwebview/ios"

SPEC CHECKSUMS:
  Adapty: 18325c1f4d69ead08042e1c03218d2cc3f9b9693
  adapty_flutter: 2499028dcada42dcf8849341ca6fd4cc697d6d24
  carrier_info: 74da91657834617c4409e6afdb706ac4685efe66
  device_info_plus: c6fb39579d0f423935b0c9ce7ee2f44b71b9fce6
  Flutter: e0871f40cf51350855a761d2e70bf5af5b9b5de7
  flutter_icmp_ping: 2b159955eee0c487c766ad83fec224ae35e7c935
  flutter_keyboard_visibility: 0339d06371254c3eb25eeb90ba8d17dca8f9c069
  Google-Mobile-Ads-SDK: 58b4fda3f9758fc1ed210aa5cf7777b5eb55d47e
  google_maps_flutter_ios: f135b968a67c05679e0a53538e900b5c174b0d99
  google_mobile_ads: 511febb4768edc860ee455a9e201ff52de385908
  GoogleAppMeasurement: a65314d316443969ed3d3709b3a187448ed6418f
  GoogleMaps: 20d7b12be49a14287f797e88e0e31bc4156aaeb4
  GoogleUserMessagingPlatform: d31dbfb40ec02c5d9683029815c5d5a7f46389ee
  GoogleUtilities: d053d902a8edaa9904e1bd00c37535385b8ed152
  in_app_review: 318597b3a06c22bb46dc454d56828c85f444f99d
  nanopb: d4d75c12cd1316f4a64e3c6963f879ecd4b5e0d5
  network_info_plus: 6d0c3eb8367b8164fa3fb0c19875e3f59d49697f
  package_info_plus: 115f4ad11e0698c8c1c5d8a689390df880f47e85
  path_provider_foundation: 3784922295ac71e43754bd15e0653ccfd36a147c
  permission_handler_apple: 036b856153a2b1f61f21030ff725f3e6fece2b78
  PromisesObjC: f5707f49cb48b9636751c5b2e7d227e43fba9f47
  Sentry: a8d7b373b9f9868442b02a0c425192f693103cbf
  sentry_flutter: 03e7660857a8cdb236e71456a7e8447b65c8a788
  SentryPrivate: 006b24af16828441f70e2ab6adf241bd0a8ad130
  shared_preferences_foundation: b4c3b4cddf1c21f02770737f147a3f5da9d39695
  url_launcher_ios: 6116280ddcfe98ab8820085d8d76ae7449447586
  webview_flutter_wkwebview: be0f0d33777f1bfd0c9fdcb594786704dbf65f36

PODFILE CHECKSUM: 443a141cd93c38535d127c6298426a3379014ab8

COCOAPODS: 1.15.2
